// !$*UTF8*$!
{
	archiveVersion = 1;
	classes = {
	};
	objectVersion = 55;
	objects = {

/* Begin PBXBuildFile section */
		4C838FC72778BC68005B798E /* AppDelegate.swift in Sources */ = {isa = PBXBuildFile; fileRef = 4C838FC62778BC68005B798E /* AppDelegate.swift */; };
		4C838FC92778BC68005B798E /* SceneDelegate.swift in Sources */ = {isa = PBXBuildFile; fileRef = 4C838FC82778BC68005B798E /* SceneDelegate.swift */; };
		4C838FCB2778BC68005B798E /* ViewController.swift in Sources */ = {isa = PBXBuildFile; fileRef = 4C838FCA2778BC68005B798E /* ViewController.swift */; };
		4C838FD02778BC6A005B798E /* Assets.xcassets in Resources */ = {isa = PBXBuildFile; fileRef = 4C838FCF2778BC6A005B798E /* Assets.xcassets */; };
		4C838FD32778BC6A005B798E /* LaunchScreen.storyboard in Resources */ = {isa = PBXBuildFile; fileRef = 4C838FD12778BC6A005B798E /* LaunchScreen.storyboard */; };
		4C838FDB2778BDD1005B798E /* CocktailCell.swift in Sources */ = {isa = PBXBuildFile; fileRef = 4C838FDA2778BDD1005B798E /* CocktailCell.swift */; };
		4C838FDD2778BE0B005B798E /* Cocktail.swift in Sources */ = {isa = PBXBuildFile; fileRef = 4C838FDC2778BE0B005B798E /* Cocktail.swift */; };
		4C838FFC27791DEB005B798E /* SkeletonView in Frameworks */ = {isa = PBXBuildFile; productRef = 4C838FFB27791DEB005B798E /* SkeletonView */; };
		4C838FFE27792BD6005B798E /* Cocktails.swift in Sources */ = {isa = PBXBuildFile; fileRef = 4C838FFD27792BD6005B798E /* Cocktails.swift */; };
		4C839002277A0A1F005B798E /* DetailCocktailViewController.swift in Sources */ = {isa = PBXBuildFile; fileRef = 4C839001277A0A1F005B798E /* DetailCocktailViewController.swift */; };
		4C839004277CB13C005B798E /* Ingredient.swift in Sources */ = {isa = PBXBuildFile; fileRef = 4C839003277CB13C005B798E /* Ingredient.swift */; };
		4C839006277CB177005B798E /* Ingredients.swift in Sources */ = {isa = PBXBuildFile; fileRef = 4C839005277CB177005B798E /* Ingredients.swift */; };
		4C839009277CED8D005B798E /* IngredientCell.swift in Sources */ = {isa = PBXBuildFile; fileRef = 4C839008277CED8D005B798E /* IngredientCell.swift */; };
		4C83900F2780FAE5005B798E /* CocktailType.swift in Sources */ = {isa = PBXBuildFile; fileRef = 4C83900E2780FAE5005B798E /* CocktailType.swift */; };
		4CB84A6C2788B20A00C4A1D8 /* FavouriteCocktailsTableViewController.swift in Sources */ = {isa = PBXBuildFile; fileRef = 4CB84A6B2788B20A00C4A1D8 /* FavouriteCocktailsTableViewController.swift */; };
		4CB84A702788B37700C4A1D8 /* CocktailTableViewCell.swift in Sources */ = {isa = PBXBuildFile; fileRef = 4CB84A6F2788B37700C4A1D8 /* CocktailTableViewCell.swift */; };
/* End PBXBuildFile section */

/* Begin PBXFileReference section */
		4C838FC32778BC68005B798E /* Cocktail Zoo.app */ = {isa = PBXFileReference; explicitFileType = wrapper.application; includeInIndex = 0; path = "Cocktail Zoo.app"; sourceTree = BUILT_PRODUCTS_DIR; };
		4C838FC62778BC68005B798E /* AppDelegate.swift */ = {isa = PBXFileReference; lastKnownFileType = sourcecode.swift; path = AppDelegate.swift; sourceTree = "<group>"; };
		4C838FC82778BC68005B798E /* SceneDelegate.swift */ = {isa = PBXFileReference; lastKnownFileType = sourcecode.swift; path = SceneDelegate.swift; sourceTree = "<group>"; };
		4C838FCA2778BC68005B798E /* ViewController.swift */ = {isa = PBXFileReference; lastKnownFileType = sourcecode.swift; path = ViewController.swift; sourceTree = "<group>"; };
		4C838FCF2778BC6A005B798E /* Assets.xcassets */ = {isa = PBXFileReference; lastKnownFileType = folder.assetcatalog; path = Assets.xcassets; sourceTree = "<group>"; };
		4C838FD22778BC6A005B798E /* Base */ = {isa = PBXFileReference; lastKnownFileType = file.storyboard; name = Base; path = Base.lproj/LaunchScreen.storyboard; sourceTree = "<group>"; };
		4C838FD42778BC6A005B798E /* Info.plist */ = {isa = PBXFileReference; lastKnownFileType = text.plist.xml; path = Info.plist; sourceTree = "<group>"; };
		4C838FDA2778BDD1005B798E /* CocktailCell.swift */ = {isa = PBXFileReference; lastKnownFileType = sourcecode.swift; path = CocktailCell.swift; sourceTree = "<group>"; };
		4C838FDC2778BE0B005B798E /* Cocktail.swift */ = {isa = PBXFileReference; lastKnownFileType = sourcecode.swift; path = Cocktail.swift; sourceTree = "<group>"; };
		4C838FFD27792BD6005B798E /* Cocktails.swift */ = {isa = PBXFileReference; lastKnownFileType = sourcecode.swift; path = Cocktails.swift; sourceTree = "<group>"; };
		4C839001277A0A1F005B798E /* DetailCocktailViewController.swift */ = {isa = PBXFileReference; lastKnownFileType = sourcecode.swift; path = DetailCocktailViewController.swift; sourceTree = "<group>"; };
		4C839003277CB13C005B798E /* Ingredient.swift */ = {isa = PBXFileReference; lastKnownFileType = sourcecode.swift; path = Ingredient.swift; sourceTree = "<group>"; };
		4C839005277CB177005B798E /* Ingredients.swift */ = {isa = PBXFileReference; lastKnownFileType = sourcecode.swift; path = Ingredients.swift; sourceTree = "<group>"; };
		4C839008277CED8D005B798E /* IngredientCell.swift */ = {isa = PBXFileReference; lastKnownFileType = sourcecode.swift; path = IngredientCell.swift; sourceTree = "<group>"; };
		4C83900E2780FAE5005B798E /* CocktailType.swift */ = {isa = PBXFileReference; lastKnownFileType = sourcecode.swift; path = CocktailType.swift; sourceTree = "<group>"; };
		4CB84A6B2788B20A00C4A1D8 /* FavouriteCocktailsTableViewController.swift */ = {isa = PBXFileReference; lastKnownFileType = sourcecode.swift; path = FavouriteCocktailsTableViewController.swift; sourceTree = "<group>"; };
		4CB84A6F2788B37700C4A1D8 /* CocktailTableViewCell.swift */ = {isa = PBXFileReference; lastKnownFileType = sourcecode.swift; path = CocktailTableViewCell.swift; sourceTree = "<group>"; };
/* End PBXFileReference section */

/* Begin PBXFrameworksBuildPhase section */
		4C838FC02778BC68005B798E /* Frameworks */ = {
			isa = PBXFrameworksBuildPhase;
			buildActionMask = 2147483647;
			files = (
				4C838FFC27791DEB005B798E /* SkeletonView in Frameworks */,
			);
			runOnlyForDeploymentPostprocessing = 0;
		};
/* End PBXFrameworksBuildPhase section */

/* Begin PBXGroup section */
		4C838FBA2778BC68005B798E = {
			isa = PBXGroup;
			children = (
				4C838FC52778BC68005B798E /* Cocktail Zoo */,
				4C838FC42778BC68005B798E /* Products */,
			);
			sourceTree = "<group>";
		};
		4C838FC42778BC68005B798E /* Products */ = {
			isa = PBXGroup;
			children = (
				4C838FC32778BC68005B798E /* Cocktail Zoo.app */,
			);
			name = Products;
			sourceTree = "<group>";
		};
		4C838FC52778BC68005B798E /* Cocktail Zoo */ = {
			isa = PBXGroup;
			children = (
				4C839000277A06B9005B798E /* Custom Elements */,
				4C838FFF277A06AE005B798E /* Models */,
				4C838FC62778BC68005B798E /* AppDelegate.swift */,
				4C838FC82778BC68005B798E /* SceneDelegate.swift */,
				4C838FCA2778BC68005B798E /* ViewController.swift */,
				4C838FCF2778BC6A005B798E /* Assets.xcassets */,
				4C838FD12778BC6A005B798E /* LaunchScreen.storyboard */,
				4C838FD42778BC6A005B798E /* Info.plist */,
			);
			path = "Cocktail Zoo";
			sourceTree = "<group>";
		};
		4C838FFF277A06AE005B798E /* Models */ = {
			isa = PBXGroup;
			children = (
				4C839007277CB248005B798E /* Codable Models */,
				4C839003277CB13C005B798E /* Ingredient.swift */,
				4C839005277CB177005B798E /* Ingredients.swift */,
				4C83900E2780FAE5005B798E /* CocktailType.swift */,
			);
			path = Models;
			sourceTree = "<group>";
		};
		4C839000277A06B9005B798E /* Custom Elements */ = {
			isa = PBXGroup;
			children = (
				4CB84A6E2788B33000C4A1D8 /* Favourite Cocktails Table View */,
				4CB84A6D2788B31400C4A1D8 /* Cocktail Detail View */,
			);
			path = "Custom Elements";
			sourceTree = "<group>";
		};
		4C839007277CB248005B798E /* Codable Models */ = {
			isa = PBXGroup;
			children = (
				4C838FDC2778BE0B005B798E /* Cocktail.swift */,
				4C838FFD27792BD6005B798E /* Cocktails.swift */,
			);
			path = "Codable Models";
			sourceTree = "<group>";
		};
		4CB84A6D2788B31400C4A1D8 /* Cocktail Detail View */ = {
			isa = PBXGroup;
			children = (
				4C839008277CED8D005B798E /* IngredientCell.swift */,
				4C838FDA2778BDD1005B798E /* CocktailCell.swift */,
				4C839001277A0A1F005B798E /* DetailCocktailViewController.swift */,
			);
			path = "Cocktail Detail View";
			sourceTree = "<group>";
		};
		4CB84A6E2788B33000C4A1D8 /* Favourite Cocktails Table View */ = {
			isa = PBXGroup;
			children = (
				4CB84A6B2788B20A00C4A1D8 /* FavouriteCocktailsTableViewController.swift */,
				4CB84A6F2788B37700C4A1D8 /* CocktailTableViewCell.swift */,
			);
			path = "Favourite Cocktails Table View";
			sourceTree = "<group>";
		};
/* End PBXGroup section */

/* Begin PBXNativeTarget section */
		4C838FC22778BC68005B798E /* Cocktail Zoo */ = {
			isa = PBXNativeTarget;
			buildConfigurationList = 4C838FD72778BC6A005B798E /* Build configuration list for PBXNativeTarget "Cocktail Zoo" */;
			buildPhases = (
				4C838FBF2778BC68005B798E /* Sources */,
				4C838FC02778BC68005B798E /* Frameworks */,
				4C838FC12778BC68005B798E /* Resources */,
			);
			buildRules = (
			);
			dependencies = (
			);
			name = "Cocktail Zoo";
			packageProductDependencies = (
				4C838FFB27791DEB005B798E /* SkeletonView */,
			);
			productName = "Cocktail Zoo";
			productReference = 4C838FC32778BC68005B798E /* Cocktail Zoo.app */;
			productType = "com.apple.product-type.application";
		};
/* End PBXNativeTarget section */

/* Begin PBXProject section */
		4C838FBB2778BC68005B798E /* Project object */ = {
			isa = PBXProject;
			attributes = {
				BuildIndependentTargetsInParallel = 1;
				LastSwiftUpdateCheck = 1310;
				LastUpgradeCheck = 1310;
				TargetAttributes = {
					4C838FC22778BC68005B798E = {
						CreatedOnToolsVersion = 13.1;
					};
				};
			};
			buildConfigurationList = 4C838FBE2778BC68005B798E /* Build configuration list for PBXProject "Cocktail Zoo" */;
			compatibilityVersion = "Xcode 13.0";
			developmentRegion = en;
			hasScannedForEncodings = 0;
			knownRegions = (
				en,
				Base,
			);
			mainGroup = 4C838FBA2778BC68005B798E;
			packageReferences = (
				4C838FFA27791DEB005B798E /* XCRemoteSwiftPackageReference "SkeletonView" */,
			);
			productRefGroup = 4C838FC42778BC68005B798E /* Products */;
			projectDirPath = "";
			projectRoot = "";
			targets = (
				4C838FC22778BC68005B798E /* Cocktail Zoo */,
			);
		};
/* End PBXProject section */

/* Begin PBXResourcesBuildPhase section */
		4C838FC12778BC68005B798E /* Resources */ = {
			isa = PBXResourcesBuildPhase;
			buildActionMask = 2147483647;
			files = (
				4C838FD32778BC6A005B798E /* LaunchScreen.storyboard in Resources */,
				4C838FD02778BC6A005B798E /* Assets.xcassets in Resources */,
			);
			runOnlyForDeploymentPostprocessing = 0;
		};
/* End PBXResourcesBuildPhase section */

/* Begin PBXSourcesBuildPhase section */
		4C838FBF2778BC68005B798E /* Sources */ = {
			isa = PBXSourcesBuildPhase;
			buildActionMask = 2147483647;
			files = (
				4C83900F2780FAE5005B798E /* CocktailType.swift in Sources */,
				4C838FCB2778BC68005B798E /* ViewController.swift in Sources */,
				4C839006277CB177005B798E /* Ingredients.swift in Sources */,
				4C838FDB2778BDD1005B798E /* CocktailCell.swift in Sources */,
				4C838FC72778BC68005B798E /* AppDelegate.swift in Sources */,
				4CB84A702788B37700C4A1D8 /* CocktailTableViewCell.swift in Sources */,
				4C838FFE27792BD6005B798E /* Cocktails.swift in Sources */,
				4C839004277CB13C005B798E /* Ingredient.swift in Sources */,
				4C839009277CED8D005B798E /* IngredientCell.swift in Sources */,
				4C838FDD2778BE0B005B798E /* Cocktail.swift in Sources */,
				4C838FC92778BC68005B798E /* SceneDelegate.swift in Sources */,
				4C839002277A0A1F005B798E /* DetailCocktailViewController.swift in Sources */,
				4CB84A6C2788B20A00C4A1D8 /* FavouriteCocktailsTableViewController.swift in Sources */,
			);
			runOnlyForDeploymentPostprocessing = 0;
		};
/* End PBXSourcesBuildPhase section */

/* Begin PBXVariantGroup section */
		4C838FD12778BC6A005B798E /* LaunchScreen.storyboard */ = {
			isa = PBXVariantGroup;
			children = (
				4C838FD22778BC6A005B798E /* Base */,
			);
			name = LaunchScreen.storyboard;
			sourceTree = "<group>";
		};
/* End PBXVariantGroup section */

/* Begin XCBuildConfiguration section */
		4C838FD52778BC6A005B798E /* Debug */ = {
			isa = XCBuildConfiguration;
			buildSettings = {
				ALWAYS_SEARCH_USER_PATHS = NO;
				CLANG_ANALYZER_NONNULL = YES;
				CLANG_ANALYZER_NUMBER_OBJECT_CONVERSION = YES_AGGRESSIVE;
				CLANG_CXX_LANGUAGE_STANDARD = "gnu++17";
				CLANG_CXX_LIBRARY = "libc++";
				CLANG_ENABLE_MODULES = YES;
				CLANG_ENABLE_OBJC_ARC = YES;
				CLANG_ENABLE_OBJC_WEAK = YES;
				CLANG_WARN_BLOCK_CAPTURE_AUTORELEASING = YES;
				CLANG_WARN_BOOL_CONVERSION = YES;
				CLANG_WARN_COMMA = YES;
				CLANG_WARN_CONSTANT_CONVERSION = YES;
				CLANG_WARN_DEPRECATED_OBJC_IMPLEMENTATIONS = YES;
				CLANG_WARN_DIRECT_OBJC_ISA_USAGE = YES_ERROR;
				CLANG_WARN_DOCUMENTATION_COMMENTS = YES;
				CLANG_WARN_EMPTY_BODY = YES;
				CLANG_WARN_ENUM_CONVERSION = YES;
				CLANG_WARN_INFINITE_RECURSION = YES;
				CLANG_WARN_INT_CONVERSION = YES;
				CLANG_WARN_NON_LITERAL_NULL_CONVERSION = YES;
				CLANG_WARN_OBJC_IMPLICIT_RETAIN_SELF = YES;
				CLANG_WARN_OBJC_LITERAL_CONVERSION = YES;
				CLANG_WARN_OBJC_ROOT_CLASS = YES_ERROR;
				CLANG_WARN_QUOTED_INCLUDE_IN_FRAMEWORK_HEADER = YES;
				CLANG_WARN_RANGE_LOOP_ANALYSIS = YES;
				CLANG_WARN_STRICT_PROTOTYPES = YES;
				CLANG_WARN_SUSPICIOUS_MOVE = YES;
				CLANG_WARN_UNGUARDED_AVAILABILITY = YES_AGGRESSIVE;
				CLANG_WARN_UNREACHABLE_CODE = YES;
				CLANG_WARN__DUPLICATE_METHOD_MATCH = YES;
				COPY_PHASE_STRIP = NO;
				DEBUG_INFORMATION_FORMAT = dwarf;
				ENABLE_STRICT_OBJC_MSGSEND = YES;
				ENABLE_TESTABILITY = YES;
				GCC_C_LANGUAGE_STANDARD = gnu11;
				GCC_DYNAMIC_NO_PIC = NO;
				GCC_NO_COMMON_BLOCKS = YES;
				GCC_OPTIMIZATION_LEVEL = 0;
				GCC_PREPROCESSOR_DEFINITIONS = (
					"DEBUG=1",
					"$(inherited)",
				);
				GCC_WARN_64_TO_32_BIT_CONVERSION = YES;
				GCC_WARN_ABOUT_RETURN_TYPE = YES_ERROR;
				GCC_WARN_UNDECLARED_SELECTOR = YES;
				GCC_WARN_UNINITIALIZED_AUTOS = YES_AGGRESSIVE;
				GCC_WARN_UNUSED_FUNCTION = YES;
				GCC_WARN_UNUSED_VARIABLE = YES;
				IPHONEOS_DEPLOYMENT_TARGET = 15.0;
				MTL_ENABLE_DEBUG_INFO = INCLUDE_SOURCE;
				MTL_FAST_MATH = YES;
				ONLY_ACTIVE_ARCH = YES;
				SDKROOT = iphoneos;
				SWIFT_ACTIVE_COMPILATION_CONDITIONS = DEBUG;
				SWIFT_OPTIMIZATION_LEVEL = "-Onone";
			};
			name = Debug;
		};
		4C838FD62778BC6A005B798E /* Release */ = {
			isa = XCBuildConfiguration;
			buildSettings = {
				ALWAYS_SEARCH_USER_PATHS = NO;
				CLANG_ANALYZER_NONNULL = YES;
				CLANG_ANALYZER_NUMBER_OBJECT_CONVERSION = YES_AGGRESSIVE;
				CLANG_CXX_LANGUAGE_STANDARD = "gnu++17";
				CLANG_CXX_LIBRARY = "libc++";
				CLANG_ENABLE_MODULES = YES;
				CLANG_ENABLE_OBJC_ARC = YES;
				CLANG_ENABLE_OBJC_WEAK = YES;
				CLANG_WARN_BLOCK_CAPTURE_AUTORELEASING = YES;
				CLANG_WARN_BOOL_CONVERSION = YES;
				CLANG_WARN_COMMA = YES;
				CLANG_WARN_CONSTANT_CONVERSION = YES;
				CLANG_WARN_DEPRECATED_OBJC_IMPLEMENTATIONS = YES;
				CLANG_WARN_DIRECT_OBJC_ISA_USAGE = YES_ERROR;
				CLANG_WARN_DOCUMENTATION_COMMENTS = YES;
				CLANG_WARN_EMPTY_BODY = YES;
				CLANG_WARN_ENUM_CONVERSION = YES;
				CLANG_WARN_INFINITE_RECURSION = YES;
				CLANG_WARN_INT_CONVERSION = YES;
				CLANG_WARN_NON_LITERAL_NULL_CONVERSION = YES;
				CLANG_WARN_OBJC_IMPLICIT_RETAIN_SELF = YES;
				CLANG_WARN_OBJC_LITERAL_CONVERSION = YES;
				CLANG_WARN_OBJC_ROOT_CLASS = YES_ERROR;
				CLANG_WARN_QUOTED_INCLUDE_IN_FRAMEWORK_HEADER = YES;
				CLANG_WARN_RANGE_LOOP_ANALYSIS = YES;
				CLANG_WARN_STRICT_PROTOTYPES = YES;
				CLANG_WARN_SUSPICIOUS_MOVE = YES;
				CLANG_WARN_UNGUARDED_AVAILABILITY = YES_AGGRESSIVE;
				CLANG_WARN_UNREACHABLE_CODE = YES;
				CLANG_WARN__DUPLICATE_METHOD_MATCH = YES;
				COPY_PHASE_STRIP = NO;
				DEBUG_INFORMATION_FORMAT = "dwarf-with-dsym";
				ENABLE_NS_ASSERTIONS = NO;
				ENABLE_STRICT_OBJC_MSGSEND = YES;
				GCC_C_LANGUAGE_STANDARD = gnu11;
				GCC_NO_COMMON_BLOCKS = YES;
				GCC_WARN_64_TO_32_BIT_CONVERSION = YES;
				GCC_WARN_ABOUT_RETURN_TYPE = YES_ERROR;
				GCC_WARN_UNDECLARED_SELECTOR = YES;
				GCC_WARN_UNINITIALIZED_AUTOS = YES_AGGRESSIVE;
				GCC_WARN_UNUSED_FUNCTION = YES;
				GCC_WARN_UNUSED_VARIABLE = YES;
				IPHONEOS_DEPLOYMENT_TARGET = 15.0;
				MTL_ENABLE_DEBUG_INFO = NO;
				MTL_FAST_MATH = YES;
				SDKROOT = iphoneos;
				SWIFT_COMPILATION_MODE = wholemodule;
				SWIFT_OPTIMIZATION_LEVEL = "-O";
				VALIDATE_PRODUCT = YES;
			};
			name = Release;
		};
		4C838FD82778BC6A005B798E /* Debug */ = {
			isa = XCBuildConfiguration;
			buildSettings = {
				ASSETCATALOG_COMPILER_APPICON_NAME = AppIcon;
				ASSETCATALOG_COMPILER_GLOBAL_ACCENT_COLOR_NAME = AccentColor;
				CODE_SIGN_STYLE = Automatic;
				CURRENT_PROJECT_VERSION = 1;
				DEVELOPMENT_TEAM = 7HWZ5HGYU5;
				GENERATE_INFOPLIST_FILE = YES;
				INFOPLIST_FILE = "Cocktail Zoo/Info.plist";
				INFOPLIST_KEY_UIApplicationSupportsIndirectInputEvents = YES;
				INFOPLIST_KEY_UILaunchStoryboardName = LaunchScreen;
				INFOPLIST_KEY_UISupportedInterfaceOrientations_iPad = "UIInterfaceOrientationPortrait UIInterfaceOrientationPortraitUpsideDown UIInterfaceOrientationLandscapeLeft UIInterfaceOrientationLandscapeRight";
				INFOPLIST_KEY_UISupportedInterfaceOrientations_iPhone = "UIInterfaceOrientationPortrait UIInterfaceOrientationLandscapeLeft UIInterfaceOrientationLandscapeRight";
				LD_RUNPATH_SEARCH_PATHS = (
					"$(inherited)",
					"@executable_path/Frameworks",
				);
				MARKETING_VERSION = 1.0;
				PRODUCT_BUNDLE_IDENTIFIER = "dev.Cocktail-Zoo";
				PRODUCT_NAME = "$(TARGET_NAME)";
				SWIFT_EMIT_LOC_STRINGS = YES;
				SWIFT_VERSION = 5.0;
				TARGETED_DEVICE_FAMILY = "1,2";
			};
			name = Debug;
		};
		4C838FD92778BC6A005B798E /* Release */ = {
			isa = XCBuildConfiguration;
			buildSettings = {
				ASSETCATALOG_COMPILER_APPICON_NAME = AppIcon;
				ASSETCATALOG_COMPILER_GLOBAL_ACCENT_COLOR_NAME = AccentColor;
				CODE_SIGN_STYLE = Automatic;
				CURRENT_PROJECT_VERSION = 1;
				DEVELOPMENT_TEAM = 7HWZ5HGYU5;
				GENERATE_INFOPLIST_FILE = YES;
				INFOPLIST_FILE = "Cocktail Zoo/Info.plist";
				INFOPLIST_KEY_UIApplicationSupportsIndirectInputEvents = YES;
				INFOPLIST_KEY_UILaunchStoryboardName = LaunchScreen;
				INFOPLIST_KEY_UISupportedInterfaceOrientations_iPad = "UIInterfaceOrientationPortrait UIInterfaceOrientationPortraitUpsideDown UIInterfaceOrientationLandscapeLeft UIInterfaceOrientationLandscapeRight";
				INFOPLIST_KEY_UISupportedInterfaceOrientations_iPhone = "UIInterfaceOrientationPortrait UIInterfaceOrientationLandscapeLeft UIInterfaceOrientationLandscapeRight";
				LD_RUNPATH_SEARCH_PATHS = (
					"$(inherited)",
					"@executable_path/Frameworks",
				);
				MARKETING_VERSION = 1.0;
				PRODUCT_BUNDLE_IDENTIFIER = "dev.Cocktail-Zoo";
				PRODUCT_NAME = "$(TARGET_NAME)";
				SWIFT_EMIT_LOC_STRINGS = YES;
				SWIFT_VERSION = 5.0;
				TARGETED_DEVICE_FAMILY = "1,2";
			};
			name = Release;
		};
/* End XCBuildConfiguration section */

/* Begin XCConfigurationList section */
		4C838FBE2778BC68005B798E /* Build configuration list for PBXProject "Cocktail Zoo" */ = {
			isa = XCConfigurationList;
			buildConfigurations = (
				4C838FD52778BC6A005B798E /* Debug */,
				4C838FD62778BC6A005B798E /* Release */,
			);
			defaultConfigurationIsVisible = 0;
			defaultConfigurationName = Release;
		};
		4C838FD72778BC6A005B798E /* Build configuration list for PBXNativeTarget "Cocktail Zoo" */ = {
			isa = XCConfigurationList;
			buildConfigurations = (
				4C838FD82778BC6A005B798E /* Debug */,
				4C838FD92778BC6A005B798E /* Release */,
			);
			defaultConfigurationIsVisible = 0;
			defaultConfigurationName = Release;
		};
/* End XCConfigurationList section */

/* Begin XCRemoteSwiftPackageReference section */
		4C838FFA27791DEB005B798E /* XCRemoteSwiftPackageReference "SkeletonView" */ = {
			isa = XCRemoteSwiftPackageReference;
			repositoryURL = "https://github.com/Juanpe/SkeletonView";
			requirement = {
				branch = main;
				kind = branch;
			};
		};
/* End XCRemoteSwiftPackageReference section */

/* Begin XCSwiftPackageProductDependency section */
		4C838FFB27791DEB005B798E /* SkeletonView */ = {
			isa = XCSwiftPackageProductDependency;
			package = 4C838FFA27791DEB005B798E /* XCRemoteSwiftPackageReference "SkeletonView" */;
			productName = SkeletonView;
		};
/* End XCSwiftPackageProductDependency section */
	};
	rootObject = 4C838FBB2778BC68005B798E /* Project object */;
}
